{
  "originHash" : "73fd119785e0af87cbb05b076024ed3d2b9bb2b6a587270989507113092fee03",
  "pins" : [
    {
      "identity" : "debugswift",
      "kind" : "remoteSourceControl",
      "location" : "https://github.com/DebugSwift/DebugSwift.git",
      "state" : {
        "revision" : "a5cdece2984da5c26cb9a7c57f9c9533b8eea0d3",
        "version" : "0.3.9"
      }
    }
  ],
  "version" : 3
}
